{
  "requires": true,
  "lockfileVersion": 1,
  "dependencies": {
    "jquery": {
      "version": "3.2.1",
      "resolved": "https://registry.npmjs.org/jquery/-/jquery-3.2.1.tgz",
      "integrity": "sha1-XE2d5lKvbNCncBVKYxu6ErAVx4c="
    },
    "jquery-meme-generator": {
      "version": "1.0.4",
      "resolved": "https://registry.npmjs.org/jquery-meme-generator/-/jquery-meme-generator-1.0.4.tgz",
      "integrity": "sha1-PSlgRhXwplFS9ATQsJ/LWv7KL7s=",
      "requires": {
        "jquery": "3.2.1",
        "jquery-ui": "1.12.1"
      }
    },
    "jquery-ui": {
      "version": "1.12.1",
      "resolved": "https://registry.npmjs.org/jquery-ui/-/jquery-ui-1.12.1.tgz",
      "integrity": "sha1-vLQEXI3QU5wTS8FIjN0+dop6nlE="
    }
  }
}
